{
    "_readme": [
        "This file locks the dependencies of your project to a known state",
        "Read more about it at https://getcomposer.org/doc/01-basic-usage.md#composer-lock-the-lock-file",
        "This file is @generated automatically"
    ],
    "hash": "a04204cf3b346363bdc384791806600e",
    "content-hash": "b1630f783ba6f28a948f36b89461fbc0",
    "packages": [
        {
            "name": "h4cc/wkhtmltopdf-i386",
            "version": "0.12.3",
            "source": {
                "type": "git",
                "url": "https://github.com/h4cc/wkhtmltopdf-i386.git",
                "reference": "79f2f8ed78d35f5541beceb2ec6fcd01a76e05ba"
            },
            "dist": {
                "type": "zip",
                "url": "https://api.github.com/repos/h4cc/wkhtmltopdf-i386/zipball/79f2f8ed78d35f5541beceb2ec6fcd01a76e05ba",
                "reference": "79f2f8ed78d35f5541beceb2ec6fcd01a76e05ba",
                "shasum": ""
            },
            "bin": [
                "bin/wkhtmltopdf-i386"
            ],
            "type": "library",
            "notification-url": "https://packagist.org/downloads/",
            "license": [
                "LGPL Version 3"
            ],
            "authors": [
                {
                    "name": "Julius Beckmann",
                    "email": "github@h4cc.de"
                }
            ],
            "description": "Convert html to pdf using webkit (qtwebkit). Static linked linux binary for i386 systems.",
            "homepage": "http://wkhtmltopdf.org/",
            "keywords": [
                "binary",
                "convert",
                "pdf",
                "snapshot",
                "thumbnail",
                "wkhtmltopdf"
            ],
            "time": "2016-02-02 19:38:57"
        }
    ],
    "packages-dev": [],
	"aliases": [],
    "minimum-stability": "stable",
    "stability-flags": [],
    "prefer-stable": false,
    "prefer-lowest": false,
    "platform": [],
    "platform-dev": []
}